
Microsoft Visual Studio Solution File, Format Version 12.00
# Visual Studio 15
VisualStudioVersion = 15.0.27004.2005
MinimumVisualStudioVersion = 10.0.40219.1
Project("{FAE04EC0-301F-11D3-BF4B-00C04F79EFBC}") = "dbFileTest", "dbFileTest\dbFileTest.csproj", "{534759BD-96BF-4166-BAD3-686C26BEABFE}"
EndProject
Global
	GlobalSection(SolutionConfigurationPlatforms) = preSolution
		Debug|Any CPU = Debug|Any CPU
		Release|Any CPU = Release|Any CPU
	EndGlobalSection
	GlobalSection(ProjectConfigurationPlatforms) = postSolution
		{534759BD-96BF-4166-BAD3-686C26BEABFE}.Debug|Any CPU.ActiveCfg = Debug|Any CPU
		{534759BD-96BF-4166-BAD3-686C26BEABFE}.Debug|Any CPU.Build.0 = Debug|Any CPU
		{534759BD-96BF-4166-BAD3-686C26BEABFE}.Release|Any CPU.ActiveCfg = Release|Any CPU
		{534759BD-96BF-4166-BAD3-686C26BEABFE}.Release|Any CPU.Build.0 = Release|Any CPU
	EndGlobalSection
	GlobalSection(SolutionProperties) = preSolution
		HideSolutionNode = FALSE
	EndGlobalSection
	GlobalSection(ExtensibilityGlobals) = postSolution
		SolutionGuid = {A2D6B597-E6E2-4095-9FEB-204AE8CF0979}
	EndGlobalSection
EndGlobal
